
Microsoft Visual Studio Solution File, Format Version 12.00
# Visual Studio Version 17
VisualStudioVersion = 17.5.33530.505
MinimumVisualStudioVersion = 10.0.40219.1
Project("{F184B08F-C81C-45F6-A57F-5ABD9991F28F}") = "Sphere Volume Program", "Sphere Volume Program\Sphere Volume Program.vbproj", "{1083F6FB-4645-4F49-AF53-B97CBB230F13}"
EndProject
Global
	GlobalSection(SolutionConfigurationPlatforms) = preSolution
		Debug|Any CPU = Debug|Any CPU
		Release|Any CPU = Release|Any CPU
	EndGlobalSection
	GlobalSection(ProjectConfigurationPlatforms) = postSolution
		{1083F6FB-4645-4F49-AF53-B97CBB230F13}.Debug|Any CPU.ActiveCfg = Debug|Any CPU
		{1083F6FB-4645-4F49-AF53-B97CBB230F13}.Debug|Any CPU.Build.0 = Debug|Any CPU
		{1083F6FB-4645-4F49-AF53-B97CBB230F13}.Release|Any CPU.ActiveCfg = Release|Any CPU
		{1083F6FB-4645-4F49-AF53-B97CBB230F13}.Release|Any CPU.Build.0 = Release|Any CPU
	EndGlobalSection
	GlobalSection(SolutionProperties) = preSolution
		HideSolutionNode = FALSE
	EndGlobalSection
	GlobalSection(ExtensibilityGlobals) = postSolution
		SolutionGuid = {45814AE8-B36C-4EAE-B919-AC67A8A6F062}
	EndGlobalSection
EndGlobal
